
Microsoft Visual Studio Solution File, Format Version 12.00
# Visual Studio 15
VisualStudioVersion = 15.0.28307.489
MinimumVisualStudioVersion = 10.0.40219.1
Project("{FAE04EC0-301F-11D3-BF4B-00C04F79EFBC}") = "Ödev 2", "Ödev 2\Ödev 2.csproj", "{03111260-20DB-442E-A143-1FE3B3697AE0}"
EndProject
Global
	GlobalSection(SolutionConfigurationPlatforms) = preSolution
		Debug|Any CPU = Debug|Any CPU
		Release|Any CPU = Release|Any CPU
	EndGlobalSection
	GlobalSection(ProjectConfigurationPlatforms) = postSolution
		{03111260-20DB-442E-A143-1FE3B3697AE0}.Debug|Any CPU.ActiveCfg = Debug|Any CPU
		{03111260-20DB-442E-A143-1FE3B3697AE0}.Debug|Any CPU.Build.0 = Debug|Any CPU
		{03111260-20DB-442E-A143-1FE3B3697AE0}.Release|Any CPU.ActiveCfg = Release|Any CPU
		{03111260-20DB-442E-A143-1FE3B3697AE0}.Release|Any CPU.Build.0 = Release|Any CPU
	EndGlobalSection
	GlobalSection(SolutionProperties) = preSolution
		HideSolutionNode = FALSE
	EndGlobalSection
	GlobalSection(ExtensibilityGlobals) = postSolution
		SolutionGuid = {8A942B3C-43EF-457A-967B-5A32C2517F73}
	EndGlobalSection
EndGlobal
